
Microsoft Visual Studio Solution File, Format Version 12.00
# Visual Studio Version 17
VisualStudioVersion = 17.14.37216.2 d17.14
MinimumVisualStudioVersion = 10.0.40219.1
Project("{FAE04EC0-301F-11D3-BF4B-00C04F79EFBC}") = "Maritime Shipping", "Maritime Shipping.csproj", "{FB2093BD-B13C-4328-A867-B3E5493856DC}"
EndProject
Global
	GlobalSection(SolutionConfigurationPlatforms) = preSolution
		Debug|Any CPU = Debug|Any CPU
		Release|Any CPU = Release|Any CPU
	EndGlobalSection
	GlobalSection(ProjectConfigurationPlatforms) = postSolution
		{FB2093BD-B13C-4328-A867-B3E5493856DC}.Debug|Any CPU.ActiveCfg = Debug|Any CPU
		{FB2093BD-B13C-4328-A867-B3E5493856DC}.Debug|Any CPU.Build.0 = Debug|Any CPU
		{FB2093BD-B13C-4328-A867-B3E5493856DC}.Release|Any CPU.ActiveCfg = Release|Any CPU
		{FB2093BD-B13C-4328-A867-B3E5493856DC}.Release|Any CPU.Build.0 = Release|Any CPU
	EndGlobalSection
	GlobalSection(SolutionProperties) = preSolution
		HideSolutionNode = FALSE
	EndGlobalSection
	GlobalSection(ExtensibilityGlobals) = postSolution
		SolutionGuid = {78C365CA-CA59-4994-8D1E-2689A15356FB}
	EndGlobalSection
EndGlobal
